
Microsoft Visual Studio Solution File, Format Version 12.00
# Visual Studio Version 17
VisualStudioVersion = 17.7.34024.191
MinimumVisualStudioVersion = 10.0.40219.1
Project("{FAE04EC0-301F-11D3-BF4B-00C04F79EFBC}") = "Lab3", "Lab3\Lab3.csproj", "{EDEEEDB1-4208-4C65-B152-DFE0B28C0D36}"
EndProject
Global
	GlobalSection(SolutionConfigurationPlatforms) = preSolution
		Debug|Any CPU = Debug|Any CPU
		Release|Any CPU = Release|Any CPU
	EndGlobalSection
	GlobalSection(ProjectConfigurationPlatforms) = postSolution
		{EDEEEDB1-4208-4C65-B152-DFE0B28C0D36}.Debug|Any CPU.ActiveCfg = Debug|Any CPU
		{EDEEEDB1-4208-4C65-B152-DFE0B28C0D36}.Debug|Any CPU.Build.0 = Debug|Any CPU
		{EDEEEDB1-4208-4C65-B152-DFE0B28C0D36}.Debug|Any CPU.Deploy.0 = Debug|Any CPU
		{EDEEEDB1-4208-4C65-B152-DFE0B28C0D36}.Release|Any CPU.ActiveCfg = Release|Any CPU
		{EDEEEDB1-4208-4C65-B152-DFE0B28C0D36}.Release|Any CPU.Build.0 = Release|Any CPU
		{EDEEEDB1-4208-4C65-B152-DFE0B28C0D36}.Release|Any CPU.Deploy.0 = Release|Any CPU
	EndGlobalSection
	GlobalSection(SolutionProperties) = preSolution
		HideSolutionNode = FALSE
	EndGlobalSection
	GlobalSection(ExtensibilityGlobals) = postSolution
		SolutionGuid = {EDE620D7-D19B-485B-889F-F0FE82C63342}
	EndGlobalSection
EndGlobal
